
Microsoft Visual Studio Solution File, Format Version 12.00
# Visual Studio Version 17
VisualStudioVersion = 17.4.33205.214
MinimumVisualStudioVersion = 10.0.40219.1
Project("{9A19103F-16F7-4668-BE54-9A1E7A4F7556}") = "API", "API\API.csproj", "{EC19D4B3-6A7F-4427-AC91-98F99A6B96EA}"
EndProject
Project("{9A19103F-16F7-4668-BE54-9A1E7A4F7556}") = "APITests", "APITests\APITests.csproj", "{CC9293C1-0DB6-4350-BD7C-B6D06CADF7C1}"
EndProject
Global
	GlobalSection(SolutionConfigurationPlatforms) = preSolution
		Debug|Any CPU = Debug|Any CPU
		Release|Any CPU = Release|Any CPU
	EndGlobalSection
	GlobalSection(ProjectConfigurationPlatforms) = postSolution
		{EC19D4B3-6A7F-4427-AC91-98F99A6B96EA}.Debug|Any CPU.ActiveCfg = Debug|Any CPU
		{EC19D4B3-6A7F-4427-AC91-98F99A6B96EA}.Debug|Any CPU.Build.0 = Debug|Any CPU
		{EC19D4B3-6A7F-4427-AC91-98F99A6B96EA}.Release|Any CPU.ActiveCfg = Release|Any CPU
		{EC19D4B3-6A7F-4427-AC91-98F99A6B96EA}.Release|Any CPU.Build.0 = Release|Any CPU
		{CC9293C1-0DB6-4350-BD7C-B6D06CADF7C1}.Debug|Any CPU.ActiveCfg = Debug|Any CPU
		{CC9293C1-0DB6-4350-BD7C-B6D06CADF7C1}.Debug|Any CPU.Build.0 = Debug|Any CPU
		{CC9293C1-0DB6-4350-BD7C-B6D06CADF7C1}.Release|Any CPU.ActiveCfg = Release|Any CPU
		{CC9293C1-0DB6-4350-BD7C-B6D06CADF7C1}.Release|Any CPU.Build.0 = Release|Any CPU
	EndGlobalSection
	GlobalSection(SolutionProperties) = preSolution
		HideSolutionNode = FALSE
	EndGlobalSection
	GlobalSection(ExtensibilityGlobals) = postSolution
		SolutionGuid = {9600A9E0-7834-465C-B39C-FE400B99BCC6}
	EndGlobalSection
EndGlobal
